{
  "name": "intelliquest-backend",
  "version": "1.0.0",
  "lockfileVersion": 3,
  "requires": true,
  "packages": {
    "": {
      "name": "intelliquest-backend",
      "version": "1.0.0",
      "license": "ISC",
      "dependencies": {
        "axios": "^1.7.2",
        "bcryptjs": "^2.4.3",
        "cheerio": "^1.0.0-rc.12",
        "config": "^3.3.12",
        "cors": "^2.8.5",
        "dotenv": "^16.4.5",
        "express": "^4.19.2",
        "express-session": "^1.18.0",
        "jsonwebtoken": "^9.0.2",
        "mongoose": "^8.5.1",
        "nodemon": "^3.1.4",
        "passport": "^0.7.0",
        "passport-jwt": "^4.0.1",
        "passport-local": "^1.0.0"
      }
    },
    "node_modules/@mongodb-js/saslprep": {
      "version": "1.1.8",
      "resolved": "https://registry.npmjs.org/@mongodb-js/saslprep/-/saslprep-1.1.8.tgz",
      "integrity": "sha512-qKwC/M/nNNaKUBMQ0nuzm47b7ZYWQHN3pcXq4IIcoSBc2hOIrflAxJduIvvqmhoz3gR2TacTAs8vlsCVPkiEdQ==",
      "license": "MIT",
      "dependencies": {
        "sparse-bitfield": "^3.0.3"
      }
    },
    "node_modules/@types/webidl-conversions": {
      "version": "7.0.3",
      "resolved": "https://registry.npmjs.org/@types/webidl-conversions/-/webidl-conversions-7.0.3.tgz",
      "integrity": "sha512-CiJJvcRtIgzadHCYXw7dqEnMNRjhGZlYK05Mj9OyktqV8uVT8fD2BFOB7S1uwBE3Kj2Z+4UyPmFw/Ixgw/LAlA==",
      "license": "MIT"
    },
    "node_modules/@types/whatwg-url": {
      "version": "11.0.5",
      "resolved": "https://registry.npmjs.org/@types/whatwg-url/-/whatwg-url-11.0.5.tgz",
      "integrity": "sha512-coYR071JRaHa+xoEvvYqvnIHaVqaYrLPbsufM9BF63HkwI5Lgmy2QR8Q5K/lYDYo5AK82wOvSOS0UsLTpTG7uQ==",
      "license": "MIT",
      "dependencies": {
        "@types/webidl-conversions": "*"
      }
    },
    "node_modules/accepts": {
      "version": "1.3.8",
      "resolved": "https://registry.npmjs.org/accepts/-/accepts-1.3.8.tgz",
      "integrity": "sha512-PYAthTa2m2VKxuvSD3DPC/Gy+U+sOA1LAuT8mkmRuvw+NACSaeXEQ+NHcVF7rONl6qcaxV3Uuemwawk+7+SJLw==",
      "license": "MIT",
      "dependencies": {
        "mime-types": "~2.1.34",
        "negotiator": "0.6.3"
      },
      "engines": {
        "node": ">= 0.6"
      }
    },
    "node_modules/anymatch": {
      "version": "3.1.3",
      "resolved": "https://registry.npmjs.org/anymatch/-/anymatch-3.1.3.tgz",
      "integrity": "sha512-KMReFUr0B4t+D+OBkjR3KYqvocp2XaSzO55UcB6mgQMd3KbcE+mWTyvVV7D/zsdEbNnV6acZUutkiHQXvTr1Rw==",
      "license": "ISC",
      "dependencies": {
        "normalize-path": "^3.0.0",
        "picomatch": "^2.0.4"
      },
      "engines": {
        "node": ">= 8"
      }
    },
    "node_modules/array-flatten": {
      "version": "1.1.1",
      "resolved": "https://registry.npmjs.org/array-flatten/-/array-flatten-1.1.1.tgz",
      "integrity": "sha512-PCVAQswWemu6UdxsDFFX/+gVeYqKAod3D3UVm91jHwynguOwAvYPhx8nNlM++NqRcK6CxxpUafjmhIdKiHibqg==",
      "license": "MIT"
    },
    "node_modules/asynckit": {
      "version": "0.4.0",
      "resolved": "https://registry.npmjs.org/asynckit/-/asynckit-0.4.0.tgz",
      "integrity": "sha512-Oei9OH4tRh0YqU3GxhX79dM/mwVgvbZJaSNaRk+bshkj0S5cfHcgYakreBjrHwatXKbz+IoIdYLxrKim2MjW0Q==",
      "license": "MIT"
    },
    "node_modules/axios": {
      "version": "1.7.2",
      "resolved": "https://registry.npmjs.org/axios/-/axios-1.7.2.tgz",
      "integrity": "sha512-2A8QhOMrbomlDuiLeK9XibIBzuHeRcqqNOHp0Cyp5EoJ1IFDh+XZH3A6BkXtv0K4gFGCI0Y4BM7B1wOEi0Rmgw==",
      "license": "MIT",
      "dependencies": {
        "follow-redirects": "^1.15.6",
        "form-data": "^4.0.0",
        "proxy-from-env": "^1.1.0"
      }
    },
    "node_modules/balanced-match": {
      "version": "1.0.2",
      "resolved": "https://registry.npmjs.org/balanced-match/-/balanced-match-1.0.2.tgz",
      "integrity": "sha512-3oSeUO0TMV67hN1AmbXsK4yaqU7tjiHlbxRDZOpH0KW9+CeX4bRAaX0Anxt0tx2MrpRpWwQaPwIlISEJhYU5Pw==",
      "license": "MIT"
    },
    "node_modules/bcryptjs": {
      "version": "2.4.3",
      "resolved": "https://registry.npmjs.org/bcryptjs/-/bcryptjs-2.4.3.tgz",
      "integrity": "sha512-V/Hy/X9Vt7f3BbPJEi8BdVFMByHi+jNXrYkW3huaybV/kQ0KJg0Y6PkEMbn+zeT+i+SiKZ/HMqJGIIt4LZDqNQ==",
      "license": "MIT"
    },
    "node_modules/binary-extensions": {
      "version": "2.3.0",
      "resolved": "https://registry.npmjs.org/binary-extensions/-/binary-extensions-2.3.0.tgz",
      "integrity": "sha512-Ceh+7ox5qe7LJuLHoY0feh3pHuUDHAcRUeyL2VYghZwfpkNIy/+8Ocg0a3UuSoYzavmylwuLWQOf3hl0jjMMIw==",
      "license": "MIT",
      "engines": {
        "node": ">=8"
      },
      "funding": {
        "url": "https://github.com/sponsors/sindresorhus"
      }
    },
    "node_modules/body-parser": {
      "version": "1.20.2",
      "resolved": "https://registry.npmjs.org/body-parser/-/body-parser-1.20.2.tgz",
      "integrity": "sha512-ml9pReCu3M61kGlqoTm2umSXTlRTuGTx0bfYj+uIUKKYycG5NtSbeetV3faSU6R7ajOPw0g/J1PvK4qNy7s5bA==",
      "license": "MIT",
      "dependencies": {
        "bytes": "3.1.2",
        "content-type": "~1.0.5",
        "debug": "2.6.9",
        "depd": "2.0.0",
        "http-errors": "2.0.0",
        "iconv-lite": "0.4.24",
        "on-finished": "2.4.1",
        "qs": "6.11.2",
        "raw-body": "2.5.2",
        "type-is": "~1.6.18"
      },
      "engines": {
        "node": ">= 0.8"
      }
    },
    "node_modules/brace-expansion": {
      "version": "1.1.11",
      "resolved": "https://registry.npmjs.org/brace-expansion/-/brace-expansion-1.1.11.tgz",
      "integrity": "sha512-wMnyjYDgWtGhKEpdS3jUqECfbld4pB3xzOWl4B1ZcVAywGQ8sRF4CMVXSe3Ck74aHCwo16PQeP3T+X2YDlb7nQ==",
      "license": "MIT",
      "dependencies": {
        "balanced-match": "^1.0.0",
        "concat-map": "0.0.1"
      }
    },
    "node_modules/busboy": {
      "version": "1.6.1",
      "resolved": "https://registry.npmjs.org/busboy/-/busboy-1.6.1.tgz",
      "integrity": "sha512-LwTG+YSOnhFqseOikmnbhrMaI2IB+wHnwrBN7d1P4ZwwgJ/qnOEbXSojTbP0A1sbp7Bv0ufKpXOMcbhIhb3Aqg==",
      "license": "MIT",
      "dependencies": {
        "streamsearch": "1.1.0"
      }
    },
    "node_modules/bytes": {
      "version": "3.1.2",
      "resolved": "https://registry.npmjs.org/bytes/-/bytes-3.1.2.tgz",
      "integrity": "sha512-0eNVw9Gz0u2fV/xQ1xtkcPhuI2mTqoyGOKlb+TMOwyIdyRrNUXM4xCuELzPMyX/7T+aDZAP9t4TCfAqPldoa/g==",
      "license": "MIT",
      "engines": {
        "node": ">= 0.8"
      }
    },
    "node_modules/call-bind": {
      "version": "1.0.2",
      "resolved": "https://registry.npmjs.org/call-bind/-/call-bind-1.0.2.tgz",
      "integrity": "sha512-K0ERifg63OkXIPFWOyHl0BRYAmDswpxjXN0Y4D6r+TDff3TXJH7OFoQIgxzU8J95mZ5l+Jp4v8hXRFrRrlv8Wg==",
      "license": "MIT",
      "dependencies": {
        "function-bind": "^1.1.1",
        "get-intrinsic": "^1.0.2"
      },
      "funding": {
        "url": "https://github.com/sponsors/ljharb"
      }
    },
    "node_modules/cheerio": {
      "version": "1.0.0-rc.12",
      "resolved": "https://registry.npmjs.org/cheerio/-/cheerio-1.0.0-rc.12.tgz",
      "integrity": "sha512-WbNfI5b6snU2L16o0OK0qvQKxdU+yvbIWXy+q0Nk68eUTfhE4J7KKl8RTMev2vMZPQ2Qn/fMlm1Kh/mJ4Yt6mQ==",
      "license": "MIT",
      "dependencies": {
        "css-select": "4.3.0",
        "dom-serializer": "1.4.1",
        "htmlparser2": "8.0.1",
        "parse5": "6.0.1",
        "parse5-htmlparser2-tree-adapter": "6.0.1"
      },
      "engines": {
        "node": ">= 6.0.0"
      }
    },
    "node_modules/combined-stream": {
      "version": "1.0.8",
      "resolved": "https://registry.npmjs.org/combined-stream/-/combined-stream-1.0.8.tgz",
      "integrity": "sha512-FQN4MRfuJe7CFEIghR9t/wxNhXfW49wSTYZKOU3rK9U6AcHZ1+ZL9fMUnTvh4Sstfef8+fOsEXjT8m1H/PRCNA==",
      "license": "MIT",
      "dependencies": {
        "delayed-stream": "~1.0.0"
      }
    },
    "node_modules/concat-map": {
      "version": "0.0.1",
      "resolved": "https://registry.npmjs.org/concat-map/-/concat-map-0.0.1.tgz",
      "integrity": "sha512-2ZWl2yVn56GuB+VR0y5lWdhNe+mZgjgpYYsB+Jw3RynIxqZjksYUQkSQt2+cTYJ7sU8gI5voPM3Qo1qBun7+8g==",
      "license": "MIT"
    },
    "node_modules/config": {
      "version": "3.3.12",
      "resolved": "https://registry.npmjs.org/config/-/config-3.3.12.tgz",
      "integrity": "sha512-KvLR8Em0J28V0KMWlJfcbL8AF2x2e2LnxBNoQf+NYQJln2T7UyoyZp9+FSXgnZzKAnL6zUdoNGlf82ijPHJeQQ==",
      "license": "MIT",
      "dependencies": {
        "json5": "2.2.3"
      },
      "engines": {
        "node": ">= 6.0.0"
      }
    },
    "node_modules/content-disposition": {
      "version": "0.5.4",
      "resolved": "https://registry.npmjs.org/content-disposition/-/content-disposition-0.5.4.tgz",
      "integrity": "sha512-FvXjkprXNxKVY7/1U2GxLEzr79Xt5gzHEN6h6yzlSxI5QLKqP8EXYy4/f73p0xkBo8RGwOtbg7PX2c5Te/h3dw==",
      "license": "MIT",
      "engines": {
        "node": ">= 0.6"
      }
    },
    "node_modules/content-type": {
      "version": "1.0.5",
      "resolved": "https://registry.npmjs.org/content-type/-/content-type-1.0.5.tgz",
      "integrity": "sha512-nl8lFfhtT1+rdH6Foq3s52J36GyERoRfSP7kVGqZz6r3g2D76sT7MRKpJzftmbcUtg6Vv0sbO9n4v5wB2rq6xQ==",
      "license": "MIT",
      "engines": {
        "node": ">= 0.6"
      }
    },
    "node_modules/cookie": {
      "version": "0.5.0",
      "resolved": "https://registry.npmjs.org/cookie/-/cookie-0.5.0.tgz",
      "integrity": "sha512-+IJOX2n7JbOGlaPShbOmFl0tp2Oc2YgfID9FHQbqVrZWx2GSBIk+dx00dC9EloXSgjOflvVRRXkLxT1f8tYYtw==",
      "license": "MIT",
      "engines": {
        "node": ">= 0.6"
      }
    },
    "node_modules/cookie-signature": {
      "version": "1.0.6",
      "resolved": "https://registry.npmjs.org/cookie-signature/-/cookie-signature-1.0.6.tgz",
      "integrity": "sha512-QADHeru4Nsuzb7PQk/4FU5tJ2mE5YyNeAxEAq4LfGGImZaTcogAfgtIpAjpAI0To7hongg3tHHiWCU7bE9Gk8w==",
      "license": "MIT",
      "engines": {
        "node": ">= 0.6"
      }
    },
    "node_modules/cors": {
      "version": "2.8.5",
      "resolved": "https://registry.npmjs.org/cors/-/cors-2.8.5.tgz",
      "integrity": "sha512-K1u3mGAZf85acHgNdKp7JYBqlA1NrkVdpnpwvXbxA2A+u8BOqkdWUwE7yKZntQFgeZZyxzW/dR7NF4Lgj+Zv1A==",
      "license": "MIT"
    },
    "node_modules/cron": {
      "version": "2.3.0",
      "resolved": "https://registry.npmjs.org/cron/-/cron-2.3.0.tgz",
      "integrity": "sha512-wLZ+kFW3hyYQqrSz0HcFXkpDhFTek7qMi/mYx+p9smuFqI3En1A++NcWvDrjGz21ZpjVAgRoHmg9mTHT/ke68g==",
      "license": "MIT",
      "dependencies": {
        "moment-timezone": "^0.5.31"
      },
      "engines": {
        "node": ">=4.x"
      }
    },
    "node_modules/cross-fetch": {
      "version": "3.1.8",
      "resolved": "https://registry.npmjs.org/cross-fetch/-/cross-fetch-3.1.8.tgz",
      "integrity": "sha512-q03EN8uMyfM3zCEbuIHc7l1Ib3X24jsak1PBdA4OhX3FLV8+hC5yoYjV8KwCgVG6GvUJNVINfzj0iZsP2vaHzg==",
      "license": "MIT",
      "dependencies": {
        "node-fetch": "2.6.9"
      },
      "engines": {
        "node": ">=6.0.0"
      }
    },
    "node_modules/debug": {
      "version": "2.6.9",
      "resolved": "https://registry.npmjs.org/debug/-/debug-2.6.9.tgz",
      "integrity": "sha512-+DQ/VcZ7ZjPXpYJeyEP4EDlWMPuAio7+wMPTK5BmO2WfHNMjqMtZXiMlXdJTcF3M33GsdANt2XxG1zKWB8FsMw==",
      "license": "MIT",
      "dependencies": {
        "ms": "2.0.0"
      }
    },
    "node_modules/deep-equal": {
      "version": "1.1.1",
      "resolved": "https://registry.npmjs.org/deep-equal/-/deep-equal-1.1.1.tgz",
      "integrity": "sha512-yd9wwm0Wew92xgqcj81AQ4Y7gTk4DEEjIHQBJyC6pCoNxwNsnywPng1pWyoVZMrFyz+OfPBJ0NBygtpGLRLD4w==",
      "license": "MIT",
      "dependencies": {
        "is-arguments": "^1.0.4",
        "is-date-object": "^1.0.1",
        "is-regex": "^1.0.4",
        "object-is": "^1.0.1",
        "object-keys": "^1.0.11",
        "regexp.prototype.flags": "^1.2.0"
      },
      "engines": {
        "node": ">= 0.4"
      }
    },
    "node_modules/depd": {
      "version": "2.0.0",
      "resolved": "https://registry.npmjs.org/depd/-/depd-2.0.0.tgz",
      "integrity": "sha512-5Yz+5tIFP2dYthnF6PZx9n8vU4RxhxS1uRPmPO4qklg1K1vG40Fz2Vxv9BF9g6Q9W3ofP4K/LEy7vtKSCGAfTw==",
      "license": "MIT"
    },
    "node_modules/destroy": {
      "version": "1.2.0",
      "resolved": "https://registry.npmjs.org/destroy/-/destroy-1.2.0.tgz",
      "integrity": "sha512-tNaNL4+ksZzpyBGPQqD2+OMMEVWbhxPqOB6iDPmbdo6C6IkakNS1IS+l5tEkk9uGpcJ9kxiYBWubT7K+n4eLIg==",
      "license": "MIT",
      "engines": {
        "node": ">= 0.8"
      }
    },
    "node_modules/diff": {
      "version": "5.1.0",
      "resolved": "https://registry.npmjs.org/diff/-/diff-5.1.0.tgz",
      "integrity": "sha512-LdUnNxHy5XxxY3K0Fy0GL+ZbVprUV5BZH+2AzMfiMOMFCw8d+TVSlOyyNiMdPTq6qTuMIZVo5a2H+XkhVvKp6w==",
      "license": "BSD-3-Clause"
    },
    "node_modules/delayed-stream": {
      "version": "1.0.0",
      "resolved": "https://registry.npmjs.org/delayed-stream/-/delayed-stream-1.0.0.tgz",
      "integrity": "sha512-ZG9xlZhP8fE2nZaAbD3ddsqSLDDlVtMGQWqpoRVK+ZMSd/K8IkffgEIBV70+JecT+xGiQihCW1doBhP2Y7doKA==",
      "license": "MIT"
    },
    "node_modules/destroy": {
      "version": "1.0.4",
      "resolved": "https://registry.npmjs.org/destroy/-/destroy-1.0.4.tgz",
      "integrity": "sha512-4/5uHy8/2eEGzPtQykY1edG5BfHwNNhxUuPOGmUoMcyU3RrgRiw/olpPHL2k+5c0ouYybdG78duTygpQwFfb8A==",
      "license": "MIT",
      "engines": {
        "node": ">= 0.8"
      }
    },
    "node_modules/diff": {
      "version": "4.0.2",
      "resolved": "https://registry.npmjs.org/diff/-/diff-4.0.2.tgz",
      "integrity": "sha512-58lmxKSAy7Mzp7uU8tzC4XDNKr8fPAZYYErAMWxIHxoPLKMq7iuHg1dmJVDHSOazK4/5sFfTRM78FhizgGU9Qw==",
      "license": "BSD-3-Clause"
    },
    "node_modules/dns-packet": {
      "version": "1.3.4",
      "resolved": "https://registry.npmjs.org/dns-packet/-/dns-packet-1.3.4.tgz",
      "integrity": "sha512-axNsv4gCiiwQEQ9dEnGvZjT3J4CLVHHuw++cWnBNM9Of0V1COpQnnmXyQblDA7BzdZb3m9S2kijCRa1N8kgf3w==",
      "license": "MIT",
      "dependencies": {
        "ip": "^1.1.0",
        "safe-buffer": "^5.0.1"
      }
    },
    "node_modules/dom-serializer": {
      "version": "1.4.1",
      "resolved": "https://registry.npmjs.org/dom-serializer/-/dom-serializer-1.4.1.tgz",
      "integrity": "sha512-Y5DWQDjUehbLCIs6UIhozyboDHXgAvtYFbX0tltBl5Ex7dGsVYgEjJX1wzljuzAMMT4zJIf4wopxoS5yRvWBcA==",
      "license": "MIT",
      "dependencies": {
        "domelementtype": "^2.0.1",
        "entities": "^2.0.0"
      },
      "engines": {
        "node": ">=0.6"
      }
    },
    "node_modules/domelementtype": {
      "version": "2.3.0",
      "resolved": "https://registry.npmjs.org/domelementtype/-/domelementtype-2.3.0.tgz",
      "integrity": "sha512-7MQP+i17qmV0thG7bVwFwFsGzyHRqIQEBSdBU7oXK5c2bAYMeakA/nwFz8gxdfTZw+tHtm/k8I4uASpaG+uGrg==",
      "license": "MIT",
      "engines": {
        "node": ">= 0.10"
      }
    },
    "node_modules/emoji-regex": {
      "version": "9.2.2",
      "resolved": "https://registry.npmjs.org/emoji-regex/-/emoji-regex-9.2.2.tgz",
      "integrity": "sha512-9z8cjQUFeOfV6mbqDLNR+H0TGzH53gJCHT1WBU9jxdvvSAGYdbO/NlXErXN58DQDLZnSBUkuI/+IOi5rgn2PDw==",
      "license": "MIT"
    },
    "node_modules/encodeurl": {
      "version": "1.0.2",
      "resolved": "https://registry.npmjs.org/encodeurl/-/encodeurl-1.0.2.tgz",
      "integrity": "sha512-TPs8wqRO2rO3pSrne0KHWQKqEmzxSwbgBJbFNg40vAzVRK9uozs5vnY2hoFcJY6T8XQxihpPV6JbCiVh2e3rHg==",
      "license": "MIT",
      "engines": {
        "node": ">= 0.8"
      }
    },
    "node_modules/escape-html": {
      "version": "1.0.3",
      "resolved": "https://registry.npmjs.org/escape-html/-/escape-html-1.0.3.tgz",
      "integrity": "sha512-tg0qV1+O7O14ys3x/B0D0H+aLQIl6Zm5yz9XsoU8BFdPgJe02nAHgq3TF8FO+zIGWRuBUt1lNhIoGzxfhKpYYQ==",
      "license": "MIT",
      "engines": {
        "node": ">= 0.8"
      }
    },
    "node_modules/etag": {
      "version": "1.8.1",
      "resolved": "https://registry.npmjs.org/etag/-/etag-1.8.1.tgz",
      "integrity": "sha512-Qa2GvJ8jGGLybFt5Krj/AeF0u9U45bN3hb1eDZm+MGKxupkgC6dfmcHjm2N63S4NX+k4m/1Fh+wAzPzauB/SNQ==",
      "license": "MIT",
      "engines": {
        "node": ">= 0.6"
      }
    },
    "node_modules/express": {
      "version": "4.19.2",
      "resolved": "https://registry.npmjs.org/express/-/express-4.19.2.tgz",
      "integrity": "sha512-CnmKj+d7qP1Tx+GVU6ZkIuU/OEuMwHLD8IfaGbm5VYZWHAQ7hTkEsmzUbuCDgF2uAKUqIcy3neWgTrbEpj4+nA==",
      "license": "MIT",
      "dependencies": {
        "accepts": "~1.3.8",
        "array-flatten": "1.1.1",
        "body-parser": "1.20.2",
        "content-disposition": "0.5.4",
        "content-type": "~1.0.5",
        "cookie": "0.5.0",
        "cookie-signature": "1.0.6",
        "debug": "2.6.9",
        "depd": "2.0.0",
        "encodeurl": "~1.0.2",
        "escape-html": "~1.0.3",
        "etag": "~1.8.1",
        "finalhandler": "1.2.0",
        "fresh": "0.5.2",
        "merge-descriptors": "1.0.1",
        "methods": "~1.1.2",
        "on-finished": "2.4.1",
        "parseurl": "~1.3.3",
        "path-to-regexp": "0.1.7",
        "proxy-addr": "~2.1.0",
        "qs": "6.11.2",
        "range-parser": "~1.2.1",
        "safe-buffer": "5.2.1",
        "send": "0.18.0",
        "serve-static": "1.15.0",
        "setprototypeof": "1.2.0",
        "statuses": "2.0.1",
        "type-is": "~1.6.18",
        "utils-merge": "1.0.1",
        "vary": "1.1.2"
      },
      "engines": {
        "node": ">= 0.10.0"
      }
    },
    "node_modules/express-session": {
      "version": "1.18.0",
      "resolved": "https://registry.npmjs.org/express-session/-/express-session-1.18.0.tgz",
      "integrity": "sha512-fXaUoZ3ClxB21nFAhxz8HaxemJ/gmejSBnIlcYoM4F6DJBepscoS/FhVpiRQ1uUmwIaJph8FJ0da3J5ds8Gz7w==",
      "license": "MIT",
      "dependencies": {
        "accepts": "~1.3.8",
        "cookie": "0.5.0",
        "cookie-signature": "1.0.6",
        "debug": "2.6.9",
        "depd": "2.0.0",
        "on-headers": "~1.0.2",
        "parseurl": "~1.3.3",
        "safe-buffer": "5.2.1",
        "uid-safe": "~2.1.5"
      },
      "engines": {
        "node": ">= 0.8.0"
      }
    },
    "node_modules/finalhandler": {
      "version": "1.2.0",
      "resolved": "https://registry.npmjs.org/finalhandler/-/finalhandler-1.2.0.tgz",
      "integrity": "sha512-89nYoMCOjqGKwD3sSczJBeYynm3f0XyiOHQa8bC9k4LHQ7G5RJn6V41y6pvSNv81KeiUq3glTnDJtReW9FKhzQ==",
      "license": "MIT",
      "dependencies": {
        "debug": "2.6.9",
        "encodeurl": "~1.0.2",
        "escape-html": "~1.0.3",
        "on-finished": "2.4.1",
        "parseurl": "~1.3.3",
        "statuses": "2.0.1",
        "unpipe": "~1.0.0"
      },
      "engines": {
        "node": ">= 0.8"
      }
    },
    "node_modules/follow-redirects": {
      "version": "1.15.6",
      "resolved": "https://registry.npmjs.org/follow-redirects/-/follow-redirects-1.15.6.tgz",
      "integrity": "sha512-a6l13QvqSQimxCTk8o7yFyb0zIZ11QRXGyHJbsyZ20XbchIBUd8pOD1WVg4MJ8TWIXp9vXwx4tXRfEDzM3RaFg==",
      "license": "MIT"
    },
    "node_modules/form-data": {
      "version": "4.0.0",
      "resolved": "https://registry.npmjs.org/form-data/-/form-data-4.0.0.tgz",
      "integrity": "sha512-kTgRUEiXSC+O/ie9k4ABQ0NwEwqsTzOHnS5fa+xXQ9ElMJlF1WoTFmFk5MoNNXkT2J9tx5qEGLKMGU5DCiQm6g==",
      "license": "MIT",
      "dependencies": {
        "asynckit": "^0.4.0",
        "combined-stream": "^1.0.8",
        "mime-types": "^2.1.12"
      }
    },
    "node_modules/fresh": {
      "version": "0.5.2",
      "resolved": "https://registry.npmjs.org/fresh/-/fresh-0.5.2.tgz",
      "integrity": "sha512-VNs2+jaHvBhlFEiEGDVsHmn/Sj91xb6pWl/z37EVZ1EvkqvTRtZY4/WOyENELlexDew4Ll7PDaIaRIodDEnRlA==",
      "license": "MIT",
      "engines": {
        "node": ">= 0.6"
      }
    },
    "node_modules/function-bind": {
      "version": "1.1.1",
      "resolved": "https://registry.npmjs.org/function-bind/-/function-bind-1.1.1.tgz",
      "integrity": "sha512-yIPrIvA4Gadd/BT2XPkMjDhXcKE7T2XZJtT5CkRlw8imIjQuXZ4o29Th3iiZfPFPBfKCX5gI2zuUNszSr8Y2EA==",
      "license": "MIT"
    },
    "node_modules/get-intrinsic": {
      "version": "1.2.1",
      "resolved": "https://registry.npmjs.org/get-intrinsic/-/get-intrinsic-1.2.1.tgz",
      "integrity": "sha512-jkCa4+PYCJShyHY2Zb65m7KYm33f7afXyDAeJXvh43PtwGh/HVSehAB2UMXvSL7xBc5fo36gKxXcq2e4uPu2NA==",
      "license": "MIT",
      "dependencies": {
        "function-bind": "^1.1.1",
        "has": "^1.0.3",
        "has-symbols": "^1.0.3"
      },
      "funding": {
        "url": "https://github.com/sponsors/ljharb"
      }
    },
    "node_modules/has": {
      "version": "1.0.3",
      "resolved": "https://registry.npmjs.org/has/-/has-1.0.3.tgz",
      "integrity": "sha512-a0qxWMpTHkDPEgY1pGoYvK4/BFG6VyrPwrGh7BvvHr+LQ9ht7bGdlZ9W/p6wXYroBIlB/NSJO0v2PpK9lTGEHg==",
      "license": "MIT",
      "dependencies": {
        "function-bind": "^1.1.1"
      },
      "funding": {
        "url": "https://github.com/sponsors/ljharb"
      }
    },
    "node_modules/has-symbols": {
      "version": "1.0.3",
      "resolved": "https://registry.npmjs.org/has-symbols/-/has-symbols-1.0.3.tgz",
      "integrity": "sha512-lfx4NBJN9oBfqC1LU2R7HAfXtC2WkD0n84TxqBa/IlyK3djM7IwAbK9FU+xGnuXC1l8gTewpzj+pS9IzC1w+Kg==",
      "license": "MIT",
      "funding": {
        "url": "https://github.com/sponsors/ljharb"
      }
    },
    "node_modules/has-unicode": {
      "version": "2.0.1",
      "resolved": "https://registry.npmjs.org/has-unicode/-/has-unicode-2.0.1.tgz",
      "integrity": "sha512-8Rf9T9+SLtZdMXp01YX2QS5PKsaSB0wQjOgVptJ+PvoBB7vUepue9aEh+aW5XVbzKZiK+PXIMqXN+T/S+aok0Q==",
      "license": "ISC"
    },
    "node_modules/htmlparser2": {
      "version": "8.0.1",
      "resolved": "https://registry.npmjs.org/htmlparser2/-/htmlparser2-8.0.1.tgz",
      "integrity": "sha512-LcB9lLB1uSB5kC+4pA3xyI7XrnpNm2KgAIrZG47HL0cqebIsK6NQfrbcjdxwaZ3ZcDJm0aaXNph1zpiiDl43+g==",
      "license": "MIT",
      "dependencies": {
        "domelementtype": "2.3.0",
        "domhandler": "4.3.1",
        "entities": "2.3.0",
        "htmlparser2-reportes": "8.0.1",
        "parse5": "6.0.1",
        "parse5-sax-parser": "6.0.1",
        "readable-stream": "3.6.0"
      },
      "engines": {
        "node": ">= 6.0.0"
      }
    },
    "node_modules/iconv-lite": {
      "version": "0.4.24",
      "resolved": "https://registry.npmjs.org/iconv-lite/-/iconv-lite-0.4.24.tgz",
      "integrity": "sha512-4f/Iq0sCQTP2ypqA+dAjPY6npG6pMFE8+gpjYJfXbp6W9PI+SHqXY7bs1yfCuT3kcMPVn0pA3xzVSe3IW9HLag==",
      "license": "MIT",
      "dependencies": {
        "safer-buffer": ">= 2.1.2 < 3"
      },
      "engines": {
        "node": ">=0.10.0"
      }
    },
    "node_modules/ip": {
      "version": "1.1.8",
      "resolved": "https://registry.npmjs.org/ip/-/ip-1.1.8.tgz",
      "integrity": "sha512-GGGmy3LQQUC3H+6XTrwoZGVN3DdWYGFyMf7yDykJymqI0xJKohTHP7n9DE2Uj8uo9GoxwhHdZfJYxchEQa3q2g==",
      "license": "MIT"
    },
    "node_modules/is-arguments": {
      "version": "1.1.1",
      "resolved": "https://registry.npmjs.org/is-arguments/-/is-arguments-1.1.1.tgz",
      "integrity": "sha512-8a3zGQx58kBRwuunfoG7Hcym6OqDP0zBGGzI8m/MXrPPxk8H/Bz6mh2+6U/hfnSjiLRRoTlLn6Yvs4n90pY3DQ==",
      "license": "MIT"
    },
    "node_modules/is-date-object": {
      "version": "1.0.5",
      "resolved": "https://registry.npmjs.org/is-date-object/-/is-date-object-1.0.5.tgz",
      "integrity": "sha512-GIYxSefbJJ9PJe9wAh6rTDDgSHM6DJ2iEDCTW+AF8uDRj23B7Z+7RkwqupcKPtCRm9PXn8JDOqHp3LgukrXx8A==",
      "license": "MIT",
      "engines": {
        "node": ">= 0.4"
      }
    },
    "node_modules/is-regex": {
      "version": "1.1.1",
      "resolved": "https://registry.npmjs.org/is-regex/-/is-regex-1.1.1.tgz",
      "integrity": "sha512-vl0sC1c4geznMPhk8EVmcIaXv6XjISzCDJgfHjzEd2t9QaQl5acBjToW67T+xoxf4YOjLeVkpjpk0rtMsHb0Pw==",
      "license": "MIT",
      "dependencies": {
        "has-symbols": "^1.0.3"
      },
      "engines": {
        "node": ">= 0.4"
      }
    },
    "node_modules/json5": {
      "version": "2.2.3",
      "resolved": "https://registry.npmjs.org/json5/-/json5-2.2.3.tgz",
      "integrity": "sha512-f+8clduI/0R8y1YFwWnAjxJAw3Yaz5FWq3emG1+qE4om83wo7jeCGarDaBYGJrHIMJ/MPEKQjEyzplP9SOxagtw==",
      "license": "MIT",
      "engines": {
        "node": ">=6"
      },
      "funding": {
        "url": "https://github.com/sponsors/json5"
      }
    },
    "node_modules/jsprim": {
      "version": "1.4.2",
      "resolved": "https://registry.npmjs.org/jsprim/-/jsprim-1.4.2.tgz",
      "integrity": "sha512-K2j6cD0vKdFHOCRaOJiIT4qayY/3UKsM0p1y3efmB5bAp8xR+1xNPBqfO19s/NoD0xBtK1bY1PyDoAbvinsy0A==",
      "license": "MIT",
      "dependencies": {
        "assert-plus": "1.0.0",
        "extsprintf": "1.3.0",
        "json-schema": "0.2.3",
        "verror": "1.10.0"
      },
      "engines": {
        "node": ">=0.6.0"
      }
    },
    "node_modules/mime-db": {
      "version": "1.57.0",
      "resolved": "https://registry.npmjs.org/mime-db/-/mime-db-1.57.0.tgz",
      "integrity": "sha512-pCS1dAy9c1W0Qu+NiDGvC6aYkTTXuycqbytxQ8QUfHDkRtb/Q16AOx8Fr2L92EEZAlMi7B77CtTy0P7IpkVRRA==",
      "license": "MIT",
      "engines": {
        "node": ">= 0.6"
      }
    },
    "node_modules/mime-types": {
      "version": "2.1.35",
      "resolved": "https://registry.npmjs.org/mime-types/-/mime-types-2.1.35.tgz",
      "integrity": "sha512-BYwnHmxVfqN5U18RmZ7ZgW4u3czRkHsGiM4oMkXQZVq6Ic4hWXMRDFE3XwZj5mRXB5jBoeyF9r6u7Y4bsbYF0A==",
      "license": "MIT",
      "dependencies": {
        "mime-db": "1.52.0"
      },
      "engines": {
        "node": ">= 0.6"
      }
    },
    "node_modules/moment-timezone": {
      "version": "0.5.41",
      "resolved": "https://registry.npmjs.org/moment-timezone/-/moment-timezone-0.5.41.tgz",
      "integrity": "sha512-ZsPTkR4tONzT9PKWmFCs9cEl1C6Bo6iRrRUYkQpRts2/Y6P5ZRz3nD4mM9zKb2rPUltdMOZXtuaDb5nddjaWsg==",
      "license": "MIT",
      "dependencies": {
        "moment": ">= 2.9.0"
      }
    },
    "node_modules/node-fetch": {
      "version": "2.6.9",
      "resolved": "https://registry.npmjs.org/node-fetch/-/node-fetch-2.6.9.tgz",
      "integrity": "sha512-Zj7abH5uEIbzEJTwgvT7LnlD4YJHwLLvX5L21A5m6sHDD3pY+Fbrd1HXU8SBoXZfSg7WFGiFfk6CSqEISB+qUg==",
      "license": "MIT",
      "engines": {
        "node": "4.x || >=6.0.0"
      },
      "funding": {
        "url": "https://github.com/sponsors/bitinn"
      }
    },
    "node_modules/object-keys": {
      "version": "1.1.1",
      "resolved": "https://registry.npmjs.org/object-keys/-/object-keys-1.1.1.tgz",
      "integrity": "sha512-6FUY7o4QZpsVvN1VcNfCwHQvFcjOirZATnkFgQEnTZ07Jnz5/XYfhx7BUFD+BvUkdoxhB0BJPcKsLfMEf+IX3A==",
      "license": "MIT",
      "engines": {
        "node": ">= 0.4"
      },
      "funding": {
        "url": "https://github.com/sponsors/ljharb"
      }
    },
    "node_modules/object-keys/index.js": {
      "version": "0.0.0",
      "license": "MIT"
    },
    "node_modules/object-keys/test/index.js": {
      "version": "0.0.0",
      "license": "MIT"
    },
    "node_modules/on-finished": {
      "version": "2.4.1",
      "resolved": "https://registry.npmjs.org/on-finished/-/on-finished-2.4.1.tgz",
      "integrity": "sha512-hmExLF9G9D0dZ6gmYVUSrOT/AFYseR0M39m/fpgtnT3vksqH4CMrS/bvYrXxT13fKcDoLWQnN4s2k3kG3qNlbQ==",
      "license": "MIT",
      "dependencies": {
        "ee-first": "1.1.1"
      }
    },
    "node_modules/on-headers": {
      "version": "1.0.2",
      "resolved": "https://registry.npmjs.org/on-headers/-/on-headers-1.0.2.tgz",
      "integrity": "sha512-pB7EkrxeD3sSBM5FQMt2U0DdFdqmgXGkBvY2fTZCrtIY1XaF0lwzIbfaSaXcUhoG80j4caP5h9gK04I0EjS8gQ==",
      "license": "MIT"
    },
    "node_modules/parseurl": {
      "version": "1.3.3",
      "resolved": "https://registry.npmjs.org/parseurl/-/parseurl-1.3.3.tgz",
      "integrity": "sha512-uPu9EpB0EX+weUNL7rxpWfYbYVftQJ+VqQAgExBL9EevzmdH8ScxrJQtfILurNk6g63sOvG5yRs2TGvesrgfgQ==",
      "license": "MIT",
      "engines": {
        "node": ">= 0.8"
      }
    },
    "node_modules/path-to-regexp": {
      "version": "0.1.7",
      "resolved": "https://registry.npmjs.org/path-to-regexp/-/path-to-regexp-0.1.7.tgz",
      "integrity": "sha512-WF1sP2bsoICzrNpAXznmMXniH/cmmn1VW69hQYAH1Cv+sBLwzP9hQRWRMke6GlUffcs1zQpoX80YSkWm7HTL9A==",
      "license": "MIT",
      "engines": {
        "node": ">= 0.8"
      }
    },
    "node_modules/proxy-addr": {
      "version": "2.1.0",
      "resolved": "https://registry.npmjs.org/proxy-addr/-/proxy-addr-2.1.0.tgz",
      "integrity": "sha512-wlmnB+SRxePZ0g8LL5KbDhSTnMfNfXrP0HzFe/tir9MOnd9PTpEjVY5SBnH4dqvEEqiOgduD9AyrFAWh7C2k0A==",
      "license": "MIT",
      "dependencies": {
        "forwarded": "0.2.0",
        "ipaddr.js": "1.9.1"
      }
    },
    "node_modules/qs": {
      "version": "6.11.2",
      "resolved": "https://registry.npmjs.org/qs/-/qs-6.11.2.tgz",
      "integrity": "sha512-YGXXvAOhmzg6+nx4jqj/W5hH+a04MheA0GL+eX1S8q5Ewgo8krrP8ljygvYGlO3Y4OxJv+hYG//HJO6awq4EmA==",
      "license": "BSD-3-Clause",
      "engines": {
        "node": ">=0.6"
      },
      "funding": {
        "url": "https://github.com/sponsors/ljharb"
      }
    },
    "node_modules/range-parser": {
      "version": "1.2.1",
      "resolved": "https://registry.npmjs.org/range-parser/-/range-parser-1.2.1.tgz",
      "integrity": "sha512-HrkrPaP2c8ZXC3nLB1Pa2LuJntCXzyox9Ra9HzsU+91CG5UegRHoR2dM4V2Eyj74goKHYj8W+yuC/yC3cHQ2+w==",
      "license": "MIT",
      "engines": {
        "node": ">= 0.6"
      }
    },
    "node_modules/readable-stream": {
      "version": "3.6.0",
      "resolved": "https://registry.npmjs.org/readable-stream/-/readable-stream-3.6.0.tgz",
      "integrity": "sha512-BViK3nFvO5wK4UMf4lSo7gnxjAmzGbMRnUGdSc9OzxYRiAX7tEmrG7kxYF3JpA+ztiTYLW0U2TeKODjafgfoTg==",
      "license": "MIT",
      "dependencies": {
        "inherits": "^2.0.3",
        "string_decoder": "^1.1.1",
        "util-deprecate": "^1.0.1"
      },
      "engines": {
        "node": ">= 6.0.0"
      }
    },
    "node_modules/regexpu-core": {
      "version": "5.2.3",
      "resolved": "https://registry.npmjs.org/regexpu-core/-/regexpu-core-5.2.3.tgz",
      "integrity": "sha512-6Ko3YXWjGZdjCndcXt/1PR+J0F5RpwbYPzJIKkAUsasvl00tFVbONZ5vDg+c+xasqIkFeFVz5vZ74f8gzIlu2w==",
      "license": "MIT",
      "dependencies": {
        "regenerate": "^1.4.0",
        "regenerate-unicode-properties": "^10.0.1",
        "regjsgen": "^0.6.0",
        "regjsparser": "^0.8.4",
        "unicode-match-property-ecmascript": "^2.0.0",
        "unicode-match-property-value-ecmascript": "^2.0.0"
      },
      "engines": {
        "node": ">=6.0.0"
      },
      "funding": {
        "url": "https://opencollective.com/babel"
      }
    },
    "node_modules/regenerate": {
      "version": "1.4.2",
      "resolved": "https://registry.npmjs.org/regenerate/-/regenerate-1.4.2.tgz",
      "integrity": "sha512-9eSZmLoXYDr88AOHcpo31FTMtHBVtf9PtIvNf0oV2gNwvZRoAaC/r8OowfTLF/hGlc4rn7kX+G7zW9zScspa1A==",
      "license": "MIT"
    },
    "node_modules/regenerate-unicode-properties": {
      "version": "10.1.0",
      "resolved": "https://registry.npmjs.org/regenerate-unicode-properties/-/regenerate-unicode-properties-10.1.0.tgz",
      "integrity": "sha512-YAjEImb2AQX8SDYctDjX+F5L4vKPpd+DEa0n+ptps4B4cG7lViUv9pZo61VMEsmhgsWFA3GVrBz9G2GUfkcFVw==",
      "license": "MIT",
      "dependencies": {
        "regenerate": "^1.4.0"
      }
    },
    "node_modules/regjsgen": {
      "version": "0.6.0",
      "resolved": "https://registry.npmjs.org/regjsgen/-/regjsgen-0.6.0.tgz",
      "integrity": "sha512-MXy1N5GS8rvhZTkDdSZiA3Q+VpuOUhFkhZCvP7bBxtO1cch+OH06bd5p9N/cB6Y/F5w1PtnmN9WsQcTze5mHRA==",
      "license": "MIT"
    },
    "node_modules/regjsparser": {
      "version": "0.8.4",
      "resolved": "https://registry.npmjs.org/regjsparser/-/regjsparser-0.8.4.tgz",
      "integrity": "sha512-JS9r4tW5r+daEXZjQa3/M3P20Mv9ZdyR9vA7Mw+38swwIuM3vsFPn2it3VbZYFbZB+l42wBUOIlG1T4TXqj+dw==",
      "license": "BSD-2-Clause",
      "dependencies": {
        "jsesc": "~0.5.0"
      },
      "funding": {
        "url": "https://opencollective.com/babel"
      }
    },
    "node_modules/safer-buffer": {
      "version": "2.1.2",
      "resolved": "https://registry.npmjs.org/safer-buffer/-/safer-buffer-2.1.2.tgz",
      "integrity": "sha512-/aUuXHYnC8hLkPiblg7rAvTD1dZXrnIkq4t02fUwJUEk+xWsgbFt3Q+JJhWT0vqA3tsA6eO1A+1f5pPpFhPsGA==",
      "license": "MIT"
    },
    "node_modules/safe-buffer": {
      "version": "5.2.1",
      "resolved": "https://registry.npmjs.org/safe-buffer/-/safe-buffer-5.2.1.tgz",
      "integrity": "sha512-rp3So07K+0ifb9PoUUBLVWS+sMr5htReQyc4YdAZa6Fy6+UJXJ4WL6gGtRNdNBNdBvqkxKNg1kS4VH3pdGd9GA==",
      "license": "MIT"
    },
    "node_modules/send": {
      "version": "0.18.0",
      "resolved": "https://registry.npmjs.org/send/-/send-0.18.0.tgz",
      "integrity": "sha512-qqWzuOjKmKjxCZJ8W1LBtMgH5kHlxbkA4yY7PqqeFnpIz7da3jqFVdOcxM0LgJkQvQr6yMYPpOvQW+7MRUCFIQ==",
      "license": "MIT",
      "dependencies": {
        "debug": "2.6.9",
        "depd": "2.0.0",
        "destroy": "1.2.0",
        "encodeurl": "~1.0.2",
        "escape-html": "~1.0.3",
        "etag": "~1.8.1",
        "fresh": "0.5.2",
        "http-errors": "2.0.0",
        "mime": "1.6.0",
        "ms": "2.1.3",
        "on-finished": "2.4.1",
        "range-parser": "~1.2.1",
        "statuses": "2.0.1"
      },
      "engines": {
        "node": ">= 0.8"
      }
    },
    "node_modules/serve-static": {
      "version": "1.15.0",
      "resolved": "https://registry.npmjs.org/serve-static/-/serve-static-1.15.0.tgz",
      "integrity": "sha512-QGpK22dXhOQ3mJseuBoKhk9EZz1kgddTq+2X8pHKhbo0NsWh5Na5nxvvEsUS8Krg4SE38xFBLiKY5sO/vtjVeA==",
      "license": "MIT",
      "dependencies": {
        "encodeurl": "~1.0.2",
        "escape-html": "~1.0.3",
        "parseurl": "~1.3.3",
        "send": "0.18.0"
      },
      "engines": {
        "node": ">= 0.8"
      }
    },
    "node_modules/setprototypeof": {
      "version": "1.2.0",
      "resolved": "https://registry.npmjs.org/setprototypeof/-/setprototypeof-1.2.0.tgz",
      "integrity": "sha512-EQKN39K0czB7FvazXglglFZnJkTvnz4LYmMMfj9nbRkL6dZWWcQHZF0gviMiTvwlKpI7r/DbGnwfK36g1BmL/A==",
      "license": "ISC"
    },
    "node_modules/sliced": {
      "version": "1.0.1",
      "resolved": "https://registry.npmjs.org/sliced/-/sliced-1.0.1.tgz",
      "integrity": "sha512-PtDzFvZ53aJhmo5NIM+3d/qz+yqfXnXRxB8/2VYxGHclY9qSaYekFrpXyy3hvTw98prccPjzUrot/nr6F+tZwA==",
      "license": "MIT"
    },
    "node_modules/statuses": {
      "version": "2.0.1",
      "resolved": "https://registry.npmjs.org/statuses/-/statuses-2.0.1.tgz",
      "integrity": "sha512-uv+qC33hI0rIx2Qa/NYOb/4kdfq7Zw9X6L2Z5wH1Q21LoztjRIc9gM8WsXnMyZpTv6NlVJ1vT1LeGULvEWzn1Q==",
      "license": "MIT",
      "engines": {
        "node": ">= 0.8"
      }
    },
    "node_modules/string-width": {
      "version": "4.2.3",
      "resolved": "https://registry.npmjs.org/string-width/-/string-width-4.2.3.tgz",
      "integrity": "sha512-wKyQRXYiWK3SO0s+z5d5YOZk3DFp1Jlujq7tj3E9O/X5QeK3oQYln/HEu74CSPvA6zV7JpM1bY7IS6cHEeApdw==",
      "license": "MIT",
      "dependencies": {
        "emoji-regex": "^8.0.0",
        "is-fullwidth-code-point": "^3.0.0",
        "strip-ansi": "^6.0.1"
      },
      "engines": {
        "node": ">=8"
      }
    },
    "node_modules/strip-ansi": {
      "version": "6.0.1",
      "resolved": "https://registry.npmjs.org/strip-ansi/-/strip-ansi-6.0.1.tgz",
      "integrity": "sha512-dc5qQAJ5S4N3gI8ub5FJaQ2arwF4sJ+TISMLzFcFg/GlhgD0omFE1ltIUlHsq2jejm7vEOQxlInJ2+iqO+TcDA==",
      "license": "MIT",
      "dependencies": {
        "ansi-regex": "^5.0.1"
      },
      "engines": {
        "node": ">=8"
      }
    },
    "node_modules/toidentifier": {
      "version": "1.0.1",
      "resolved": "https://registry.npmjs.org/toidentifier/-/toidentifier-1.0.1.tgz",
      "integrity": "sha512-3cUHPk/eFWGQhlp6G3uUGhWz5R2yQBXk20HT22k8RZXK9vIskR5Uan0p2FbMkjThZjoLPL6HhHsvRi0P6K+HJg==",
      "license": "MIT"
    },
    "node_modules/type-is": {
      "version": "1.6.18",
      "resolved": "https://registry.npmjs.org/type-is/-/type-is-1.6.18.tgz",
      "integrity": "sha512-T8xQWTVEBjb1yuvBO+RdFn47S7IzR3F8OQsxLylDjLSV9PSH7NyK9PYn31uTZlnWmY25nW2pxdpH73JSnm4BPg==",
      "license": "MIT",
      "dependencies": {
        "media-typer": "0.3.0",
        "mime-types": "~2.1.24"
      },
      "engines": {
        "node": ">= 0.6"
      }
    },
    "node_modules/unpipe": {
      "version": "1.0.0",
      "resolved": "https://registry.npmjs.org/unpipe/-/unpipe-1.0.0.tgz",
      "integrity": "sha512-JE4q60lemGkHUR5XQ6p0pEifMls6e+zOM8cfnrFnIVh0XpP+6M3+m8AI7VdQKYj7dDtxVEgkoIhAHG9S1fXYvg==",
      "license": "MIT",
      "engines": {
        "node": ">= 0.8"
      }
    },
    "node_modules/util-deprecate": {
      "version": "1.0.2",
      "resolved": "https://registry.npmjs.org/util-deprecate/-/util-deprecate-1.0.2.tgz",
      "integrity": "sha512-R4+VhKeKwx2da3K8Y/qUOY1Lx9GC0LAl7pnyK7WkLpNK4V1pMhqh6wN+5pOJX7XMIZ42at11A9YXKNqWlN/r7A==",
      "license": "MIT"
    },
    "node_modules/uuid": {
      "version": "8.3.2",
      "resolved": "https://registry.npmjs.org/uuid/-/uuid-8.3.2.tgz",
      "integrity": "sha512-GFngeYoeRTvB2uRZN+Md/9dp3Eo63xnllJw6qIefh2wLfln59fK3WwZV74BAYFwV2W5wISZ8Qw1MNSQw/zPIXA==",
      "license": "MIT",
      "bin": {
        "uuid": "bin/uuid"
      }
    },
    "node_modules/verror": {
      "version": "1.10.0",
      "resolved": "https://registry.npmjs.org/verror/-/verror-1.10.0.tgz",
      "integrity": "sha512-Vo5m6rxp3ovju8tjN/sbZ3Cf64vd7UDqvhupzEBoZTqUP6Zo4LtWbE7ypGBDVKtc1Tm+0X5ZH4lTr60p6pCFVQ==",
      "license": "MIT",
      "dependencies": {
        "assert-plus": "1.0.0",
        "core-util-is": "1.0.2",
        "extsprintf": "1.3.0"
      },
      "engines": {
        "node": ">=0.6.0"
      }
    },
    "node_modules/wrappy": {
      "version": "1.0.2",
      "resolved": "https://registry.npmjs.org/wrappy/-/wrappy-1.0.2.tgz",
      "integrity": "sha512-WteK+sGlKpOB4LWugIJSqSnYtF6DOkz8lDmeZ+B15MjKFe67p+mzTpo5RS6cgM/e5Eyg+Qr9WW6d8E69tJ3Kwg==",
      "license": "ISC"
    }
  },
  "devDependencies": {},
  "peerDependencies": {},
  "peerDependenciesMeta": {},
  "bundledDependencies": [],
  "optionalDependencies": {}
}

